
Microsoft Visual Studio Solution File, Format Version 12.00
# Visual Studio Version 17
VisualStudioVersion = 17.13.35931.197 d17.13
MinimumVisualStudioVersion = 10.0.40219.1
Project("{8BC9CEB8-8B4A-11D0-8D11-00A0C91BC942}") = "MT3_!_!", "MT3_!_!.vcxproj", "{BF7C795E-6B35-4B43-A706-8C1E56717D8C}"
EndProject
Global
	GlobalSection(SolutionConfigurationPlatforms) = preSolution
		Debug|x64 = Debug|x64
		Release|x64 = Release|x64
	EndGlobalSection
	GlobalSection(ProjectConfigurationPlatforms) = postSolution
		{BF7C795E-6B35-4B43-A706-8C1E56717D8C}.Debug|x64.ActiveCfg = Debug|x64
		{BF7C795E-6B35-4B43-A706-8C1E56717D8C}.Debug|x64.Build.0 = Debug|x64
		{BF7C795E-6B35-4B43-A706-8C1E56717D8C}.Release|x64.ActiveCfg = Release|x64
		{BF7C795E-6B35-4B43-A706-8C1E56717D8C}.Release|x64.Build.0 = Release|x64
	EndGlobalSection
	GlobalSection(SolutionProperties) = preSolution
		HideSolutionNode = FALSE
	EndGlobalSection
	GlobalSection(ExtensibilityGlobals) = postSolution
		SolutionGuid = {417D96DE-8F8E-4E4E-BD57-FE6016CDB10B}
	EndGlobalSection
EndGlobal
